
Microsoft Visual Studio Solution File, Format Version 12.00
# Visual Studio 15
VisualStudioVersion = 15.0.27703.2026
MinimumVisualStudioVersion = 10.0.40219.1
Project("{FAE04EC0-301F-11D3-BF4B-00C04F79EFBC}") = "bostonbot2", "bostonbot2\bostonbot2.csproj", "{12D41151-7888-49AA-9779-4C36CE28CB2C}"
EndProject
Global
	GlobalSection(SolutionConfigurationPlatforms) = preSolution
		Debug|Any CPU = Debug|Any CPU
		Release|Any CPU = Release|Any CPU
	EndGlobalSection
	GlobalSection(ProjectConfigurationPlatforms) = postSolution
		{12D41151-7888-49AA-9779-4C36CE28CB2C}.Debug|Any CPU.ActiveCfg = Debug|Any CPU
		{12D41151-7888-49AA-9779-4C36CE28CB2C}.Debug|Any CPU.Build.0 = Debug|Any CPU
		{12D41151-7888-49AA-9779-4C36CE28CB2C}.Release|Any CPU.ActiveCfg = Release|Any CPU
		{12D41151-7888-49AA-9779-4C36CE28CB2C}.Release|Any CPU.Build.0 = Release|Any CPU
	EndGlobalSection
	GlobalSection(SolutionProperties) = preSolution
		HideSolutionNode = FALSE
	EndGlobalSection
	GlobalSection(ExtensibilityGlobals) = postSolution
		SolutionGuid = {66D702FE-F4A3-4F62-9702-51FD9F6DACCB}
	EndGlobalSection
EndGlobal
